
Microsoft Visual Studio Solution File, Format Version 12.00
# Visual Studio Version 17
VisualStudioVersion = 17.7.34031.279
MinimumVisualStudioVersion = 10.0.40219.1
Project("{FAE04EC0-301F-11D3-BF4B-00C04F79EFBC}") = "Ivanov_Autoservice_first", "Ivanov_Autoservice_first\Ivanov_Autoservice_first.csproj", "{28B4D547-BF2F-40A6-BDC3-A4691BDA7E6D}"
EndProject
Global
	GlobalSection(SolutionConfigurationPlatforms) = preSolution
		Debug|Any CPU = Debug|Any CPU
		Release|Any CPU = Release|Any CPU
	EndGlobalSection
	GlobalSection(ProjectConfigurationPlatforms) = postSolution
		{28B4D547-BF2F-40A6-BDC3-A4691BDA7E6D}.Debug|Any CPU.ActiveCfg = Debug|Any CPU
		{28B4D547-BF2F-40A6-BDC3-A4691BDA7E6D}.Debug|Any CPU.Build.0 = Debug|Any CPU
		{28B4D547-BF2F-40A6-BDC3-A4691BDA7E6D}.Release|Any CPU.ActiveCfg = Release|Any CPU
		{28B4D547-BF2F-40A6-BDC3-A4691BDA7E6D}.Release|Any CPU.Build.0 = Release|Any CPU
	EndGlobalSection
	GlobalSection(SolutionProperties) = preSolution
		HideSolutionNode = FALSE
	EndGlobalSection
	GlobalSection(ExtensibilityGlobals) = postSolution
		SolutionGuid = {32CA0117-075F-4DDB-A4D3-BA70D16BE7E6}
	EndGlobalSection
EndGlobal
