
Microsoft Visual Studio Solution File, Format Version 12.00
# Visual Studio Version 17
VisualStudioVersion = 17.7.34221.43
MinimumVisualStudioVersion = 10.0.40219.1
Project("{FAE04EC0-301F-11D3-BF4B-00C04F79EFBC}") = "Glazki_IvanovO_O", "Glazki_IvanovO_O\Glazki_IvanovO_O.csproj", "{B0B27A53-EF40-496B-860E-BF38973683BB}"
EndProject
Global
	GlobalSection(SolutionConfigurationPlatforms) = preSolution
		Debug|Any CPU = Debug|Any CPU
		Release|Any CPU = Release|Any CPU
	EndGlobalSection
	GlobalSection(ProjectConfigurationPlatforms) = postSolution
		{B0B27A53-EF40-496B-860E-BF38973683BB}.Debug|Any CPU.ActiveCfg = Debug|Any CPU
		{B0B27A53-EF40-496B-860E-BF38973683BB}.Debug|Any CPU.Build.0 = Debug|Any CPU
		{B0B27A53-EF40-496B-860E-BF38973683BB}.Release|Any CPU.ActiveCfg = Release|Any CPU
		{B0B27A53-EF40-496B-860E-BF38973683BB}.Release|Any CPU.Build.0 = Release|Any CPU
	EndGlobalSection
	GlobalSection(SolutionProperties) = preSolution
		HideSolutionNode = FALSE
	EndGlobalSection
	GlobalSection(ExtensibilityGlobals) = postSolution
		SolutionGuid = {F4768F0F-5E7C-4703-AA5F-0375E90A2F46}
	EndGlobalSection
EndGlobal
